// !$*UTF8*$!
{
	archiveVersion = 1;
	classes = {
	};
	objectVersion = 46;
	objects = {

/* Begin PBXBuildFile section */
		BB953AA71D1939390075CA44 /* main.m in Sources */ = {isa = PBXBuildFile; fileRef = BB953AA61D1939390075CA44 /* main.m */; };
		BB953AAA1D1939390075CA44 /* AppDelegate.m in Sources */ = {isa = PBXBuildFile; fileRef = BB953AA91D1939390075CA44 /* AppDelegate.m */; };
		BB953AAD1D1939390075CA44 /* ViewController.m in Sources */ = {isa = PBXBuildFile; fileRef = BB953AAC1D1939390075CA44 /* ViewController.m */; };
		BB953AB01D1939390075CA44 /* Main.storyboard in Resources */ = {isa = PBXBuildFile; fileRef = BB953AAE1D1939390075CA44 /* Main.storyboard */; };
		BB953AB21D1939390075CA44 /* Assets.xcassets in Resources */ = {isa = PBXBuildFile; fileRef = BB953AB11D1939390075CA44 /* Assets.xcassets */; };
		BB953AB51D1939390075CA44 /* LaunchScreen.storyboard in Resources */ = {isa = PBXBuildFile; fileRef = BB953AB31D1939390075CA44 /* LaunchScreen.storyboard */; };
		BB953AC01D1939390075CA44 /* testDemoTests.m in Sources */ = {isa = PBXBuildFile; fileRef = BB953ABF1D1939390075CA44 /* testDemoTests.m */; };
/* End PBXBuildFile section */

/* Begin PBXContainerItemProxy section */
		BB953ABC1D1939390075CA44 /* PBXContainerItemProxy */ = {
			isa = PBXContainerItemProxy;
			containerPortal = BB953A9A1D1939390075CA44 /* Project object */;
			proxyType = 1;
			remoteGlobalIDString = BB953AA11D1939390075CA44;
			remoteInfo = testDemo;
		};
/* End PBXContainerItemProxy section */

/* Begin PBXFileReference section */
		BB953AA21D1939390075CA44 /* testDemo.app */ = {isa = PBXFileReference; explicitFileType = wrapper.application; includeInIndex = 0; path = testDemo.app; sourceTree = BUILT_PRODUCTS_DIR; };
		BB953AA61D1939390075CA44 /* main.m */ = {isa = PBXFileReference; lastKnownFileType = sourcecode.c.objc; path = main.m; sourceTree = "<group>"; };
		BB953AA81D1939390075CA44 /* AppDelegate.h */ = {isa = PBXFileReference; lastKnownFileType = sourcecode.c.h; path = AppDelegate.h; sourceTree = "<group>"; };
		BB953AA91D1939390075CA44 /* AppDelegate.m */ = {isa = PBXFileReference; lastKnownFileType = sourcecode.c.objc; path = AppDelegate.m; sourceTree = "<group>"; };
		BB953AAB1D1939390075CA44 /* ViewController.h */ = {isa = PBXFileReference; lastKnownFileType = sourcecode.c.h; path = ViewController.h; sourceTree = "<group>"; };
		BB953AAC1D1939390075CA44 /* ViewController.m */ = {isa = PBXFileReference; lastKnownFileType = sourcecode.c.objc; path = ViewController.m; sourceTree = "<group>"; };
		BB953AAF1D1939390075CA44 /* Base */ = {isa = PBXFileReference; lastKnownFileType = file.storyboard; name = Base; path = Base.lproj/Main.storyboard; sourceTree = "<group>"; };
		BB953AB11D1939390075CA44 /* Assets.xcassets */ = {isa = PBXFileReference; lastKnownFileType = folder.assetcatalog; path = Assets.xcassets; sourceTree = "<group>"; };
		BB953AB41D1939390075CA44 /* Base */ = {isa = PBXFileReference; lastKnownFileType = file.storyboard; name = Base; path = Base.lproj/LaunchScreen.storyboard; sourceTree = "<group>"; };
		BB953AB61D1939390075CA44 /* Info.plist */ = {isa = PBXFileReference; lastKnownFileType = text.plist.xml; path = Info.plist; sourceTree = "<group>"; };
		BB953ABB1D1939390075CA44 /* testDemoTests.xctest */ = {isa = PBXFileReference; explicitFileType = wrapper.cfbundle; includeInIndex = 0; path = testDemoTests.xctest; sourceTree = BUILT_PRODUCTS_DIR; };
		BB953ABF1D1939390075CA44 /* testDemoTests.m */ = {isa = PBXFileReference; lastKnownFileType = sourcecode.c.objc; path = testDemoTests.m; sourceTree = "<group>"; };
		BB953AC11D1939390075CA44 /* Info.plist */ = {isa = PBXFileReference; lastKnownFileType = text.plist.xml; path = Info.plist; sourceTree = "<group>"; };
/* End PBXFileReference section */

/* Begin PBXFrameworksBuildPhase section */
		BB953A9F1D1939390075CA44 /* Frameworks */ = {
			isa = PBXFrameworksBuildPhase;
			buildActionMask = 2147483647;
			files = (
			);
			runOnlyForDeploymentPostprocessing = 0;
		};
		BB953AB81D1939390075CA44 /* Frameworks */ = {
			isa = PBXFrameworksBuildPhase;
			buildActionMask = 2147483647;
			files = (
			);
			runOnlyForDeploymentPostprocessing = 0;
		};
/* End PBXFrameworksBuildPhase section */

/* Begin PBXGroup section */
		BB953A991D1939390075CA44 = {
			isa = PBXGroup;
			children = (
				BB953AA41D1939390075CA44 /* testDemo */,
				BB953ABE1D1939390075CA44 /* testDemoTests */,
				BB953AA31D1939390075CA44 /* Products */,
			);
			sourceTree = "<group>";
		};
		BB953AA31D1939390075CA44 /* Products */ = {
			isa = PBXGroup;
			children = (
				BB953AA21D1939390075CA44 /* testDemo.app */,
				BB953ABB1D1939390075CA44 /* testDemoTests.xctest */,
			);
			name = Products;
			sourceTree = "<group>";
		};
		BB953AA41D1939390075CA44 /* testDemo */ = {
			isa = PBXGroup;
			children = (
				BB953AA81D1939390075CA44 /* AppDelegate.h */,
				BB953AA91D1939390075CA44 /* AppDelegate.m */,
				BB953AAB1D1939390075CA44 /* ViewController.h */,
				BB953AAC1D1939390075CA44 /* ViewController.m */,
				BB953AAE1D1939390075CA44 /* Main.storyboard */,
				BB953AB11D1939390075CA44 /* Assets.xcassets */,
				BB953AB31D1939390075CA44 /* LaunchScreen.storyboard */,
				BB953AB61D1939390075CA44 /* Info.plist */,
				BB953AA51D1939390075CA44 /* Supporting Files */,
			);
			path = testDemo;
			sourceTree = "<group>";
		};
		BB953AA51D1939390075CA44 /* Supporting Files */ = {
			isa = PBXGroup;
			children = (
				BB953AA61D1939390075CA44 /* main.m */,
			);
			name = "Supporting Files";
			sourceTree = "<group>";
		};
		BB953ABE1D1939390075CA44 /* testDemoTests */ = {
			isa = PBXGroup;
			children = (
				BB953ABF1D1939390075CA44 /* testDemoTests.m */,
				BB953AC11D1939390075CA44 /* Info.plist */,
			);
			path = testDemoTests;
			sourceTree = "<group>";
		};
/* End PBXGroup section */

/* Begin PBXNativeTarget section */
		BB953AA11D1939390075CA44 /* testDemo */ = {
			isa = PBXNativeTarget;
			buildConfigurationList = BB953AC41D1939390075CA44 /* Build configuration list for PBXNativeTarget "testDemo" */;
			buildPhases = (
				BB953A9E1D1939390075CA44 /* Sources */,
				BB953A9F1D1939390075CA44 /* Frameworks */,
				BB953AA01D1939390075CA44 /* Resources */,
			);
			buildRules = (
			);
			dependencies = (
			);
			name = testDemo;
			productName = testDemo;
			productReference = BB953AA21D1939390075CA44 /* testDemo.app */;
			productType = "com.apple.product-type.application";
		};
		BB953ABA1D1939390075CA44 /* testDemoTests */ = {
			isa = PBXNativeTarget;
			buildConfigurationList = BB953AC71D1939390075CA44 /* Build configuration list for PBXNativeTarget "testDemoTests" */;
			buildPhases = (
				BB953AB71D1939390075CA44 /* Sources */,
				BB953AB81D1939390075CA44 /* Frameworks */,
				BB953AB91D1939390075CA44 /* Resources */,
			);
			buildRules = (
			);
			dependencies = (
				BB953ABD1D1939390075CA44 /* PBXTargetDependency */,
			);
			name = testDemoTests;
			productName = testDemoTests;
			productReference = BB953ABB1D1939390075CA44 /* testDemoTests.xctest */;
			productType = "com.apple.product-type.bundle.unit-test";
		};
/* End PBXNativeTarget section */

/* Begin PBXProject section */
		BB953A9A1D1939390075CA44 /* Project object */ = {
			isa = PBXProject;
			attributes = {
				LastUpgradeCheck = 0720;
				ORGANIZATIONNAME = user;
				TargetAttributes = {
					BB953AA11D1939390075CA44 = {
						CreatedOnToolsVersion = 7.2.1;
						DevelopmentTeam = 3468556Z52;
					};
					BB953ABA1D1939390075CA44 = {
						CreatedOnToolsVersion = 7.2.1;
						DevelopmentTeam = 3468556Z52;
						TestTargetID = BB953AA11D1939390075CA44;
					};
				};
			};
			buildConfigurationList = BB953A9D1D1939390075CA44 /* Build configuration list for PBXProject "testDemo" */;
			compatibilityVersion = "Xcode 3.2";
			developmentRegion = English;
			hasScannedForEncodings = 0;
			knownRegions = (
				en,
				Base,
			);
			mainGroup = BB953A991D1939390075CA44;
			productRefGroup = BB953AA31D1939390075CA44 /* Products */;
			projectDirPath = "";
			projectRoot = "";
			targets = (
				BB953AA11D1939390075CA44 /* testDemo */,
				BB953ABA1D1939390075CA44 /* testDemoTests */,
			);
		};
/* End PBXProject section */

/* Begin PBXResourcesBuildPhase section */
		BB953AA01D1939390075CA44 /* Resources */ = {
			isa = PBXResourcesBuildPhase;
			buildActionMask = 2147483647;
			files = (
				BB953AB51D1939390075CA44 /* LaunchScreen.storyboard in Resources */,
				BB953AB21D1939390075CA44 /* Assets.xcassets in Resources */,
				BB953AB01D1939390075CA44 /* Main.storyboard in Resources */,
			);
			runOnlyForDeploymentPostprocessing = 0;
		};
		BB953AB91D1939390075CA44 /* Resources */ = {
			isa = PBXResourcesBuildPhase;
			buildActionMask = 2147483647;
			files = (
			);
			runOnlyForDeploymentPostprocessing = 0;
		};
/* End PBXResourcesBuildPhase section */

/* Begin PBXSourcesBuildPhase section */
		BB953A9E1D1939390075CA44 /* Sources */ = {
			isa = PBXSourcesBuildPhase;
			buildActionMask = 2147483647;
			files = (
				BB953AAD1D1939390075CA44 /* ViewController.m in Sources */,
				BB953AAA1D1939390075CA44 /* AppDelegate.m in Sources */,
				BB953AA71D1939390075CA44 /* main.m in Sources */,
			);
			runOnlyForDeploymentPostprocessing = 0;
		};
		BB953AB71D1939390075CA44 /* Sources */ = {
			isa = PBXSourcesBuildPhase;
			buildActionMask = 2147483647;
			files = (
				BB953AC01D1939390075CA44 /* testDemoTests.m in Sources */,
			);
			runOnlyForDeploymentPostprocessing = 0;
		};
/* End PBXSourcesBuildPhase section */

/* Begin PBXTargetDependency section */
		BB953ABD1D1939390075CA44 /* PBXTargetDependency */ = {
			isa = PBXTargetDependency;
			target = BB953AA11D1939390075CA44 /* testDemo */;
			targetProxy = BB953ABC1D1939390075CA44 /* PBXContainerItemProxy */;
		};
/* End PBXTargetDependency section */

/* Begin PBXVariantGroup section */
		BB953AAE1D1939390075CA44 /* Main.storyboard */ = {
			isa = PBXVariantGroup;
			children = (
				BB953AAF1D1939390075CA44 /* Base */,
			);
			name = Main.storyboard;
			sourceTree = "<group>";
		};
		BB953AB31D1939390075CA44 /* LaunchScreen.storyboard */ = {
			isa = PBXVariantGroup;
			children = (
				BB953AB41D1939390075CA44 /* Base */,
			);
			name = LaunchScreen.storyboard;
			sourceTree = "<group>";
		};
/* End PBXVariantGroup section */

/* Begin XCBuildConfiguration section */
		BB953AC21D1939390075CA44 /* Debug */ = {
			isa = XCBuildConfiguration;
			buildSettings = {
				ALWAYS_SEARCH_USER_PATHS = NO;
				CLANG_CXX_LANGUAGE_STANDARD = "gnu++0x";
				CLANG_CXX_LIBRARY = "libc++";
				CLANG_ENABLE_MODULES = YES;
				CLANG_ENABLE_OBJC_ARC = YES;
				CLANG_WARN_BOOL_CONVERSION = YES;
				CLANG_WARN_CONSTANT_CONVERSION = YES;
				CLANG_WARN_DIRECT_OBJC_ISA_USAGE = YES_ERROR;
				CLANG_WARN_EMPTY_BODY = YES;
				CLANG_WARN_ENUM_CONVERSION = YES;
				CLANG_WARN_INT_CONVERSION = YES;
				CLANG_WARN_OBJC_ROOT_CLASS = YES_ERROR;
				CLANG_WARN_UNREACHABLE_CODE = YES;
				CLANG_WARN__DUPLICATE_METHOD_MATCH = YES;
				"CODE_SIGN_IDENTITY[sdk=iphoneos*]" = "iPhone Developer";
				COPY_PHASE_STRIP = NO;
				DEBUG_INFORMATION_FORMAT = dwarf;
				ENABLE_STRICT_OBJC_MSGSEND = YES;
				ENABLE_TESTABILITY = YES;
				GCC_C_LANGUAGE_STANDARD = gnu99;
				GCC_DYNAMIC_NO_PIC = NO;
				GCC_NO_COMMON_BLOCKS = YES;
				GCC_OPTIMIZATION_LEVEL = 0;
				GCC_PREPROCESSOR_DEFINITIONS = (
					"DEBUG=1",
					"$(inherited)",
				);
				GCC_WARN_64_TO_32_BIT_CONVERSION = YES;
				GCC_WARN_ABOUT_RETURN_TYPE = YES_ERROR;
				GCC_WARN_UNDECLARED_SELECTOR = YES;
				GCC_WARN_UNINITIALIZED_AUTOS = YES_AGGRESSIVE;
				GCC_WARN_UNUSED_FUNCTION = YES;
				GCC_WARN_UNUSED_VARIABLE = YES;
				IPHONEOS_DEPLOYMENT_TARGET = 9.2;
				MTL_ENABLE_DEBUG_INFO = YES;
				ONLY_ACTIVE_ARCH = YES;
				SDKROOT = iphoneos;
				TARGETED_DEVICE_FAMILY = "1,2";
			};
			name = Debug;
		};
		BB953AC31D1939390075CA44 /* Release */ = {
			isa = XCBuildConfiguration;
			buildSettings = {
				ALWAYS_SEARCH_USER_PATHS = NO;
				CLANG_CXX_LANGUAGE_STANDARD = "gnu++0x";
				CLANG_CXX_LIBRARY = "libc++";
				CLANG_ENABLE_MODULES = YES;
				CLANG_ENABLE_OBJC_ARC = YES;
				CLANG_WARN_BOOL_CONVERSION = YES;
				CLANG_WARN_CONSTANT_CONVERSION = YES;
				CLANG_WARN_DIRECT_OBJC_ISA_USAGE = YES_ERROR;
				CLANG_WARN_EMPTY_BODY = YES;
				CLANG_WARN_ENUM_CONVERSION = YES;
				CLANG_WARN_INT_CONVERSION = YES;
				CLANG_WARN_OBJC_ROOT_CLASS = YES_ERROR;
				CLANG_WARN_UNREACHABLE_CODE = YES;
				CLANG_WARN__DUPLICATE_METHOD_MATCH = YES;
				"CODE_SIGN_IDENTITY[sdk=iphoneos*]" = "iPhone Developer";
				COPY_PHASE_STRIP = NO;
				DEBUG_INFORMATION_FORMAT = "dwarf-with-dsym";
				ENABLE_NS_ASSERTIONS = NO;
				ENABLE_STRICT_OBJC_MSGSEND = YES;
				GCC_C_LANGUAGE_STANDARD = gnu99;
				GCC_NO_COMMON_BLOCKS = YES;
				GCC_WARN_64_TO_32_BIT_CONVERSION = YES;
				GCC_WARN_ABOUT_RETURN_TYPE = YES_ERROR;
				GCC_WARN_UNDECLARED_SELECTOR = YES;
				GCC_WARN_UNINITIALIZED_AUTOS = YES_AGGRESSIVE;
				GCC_WARN_UNUSED_FUNCTION = YES;
				GCC_WARN_UNUSED_VARIABLE = YES;
				IPHONEOS_DEPLOYMENT_TARGET = 9.2;
				MTL_ENABLE_DEBUG_INFO = NO;
				SDKROOT = iphoneos;
				TARGETED_DEVICE_FAMILY = "1,2";
				VALIDATE_PRODUCT = YES;
			};
			name = Release;
		};
		BB953AC51D1939390075CA44 /* Debug */ = {
			isa = XCBuildConfiguration;
			buildSettings = {
				ASSETCATALOG_COMPILER_APPICON_NAME = AppIcon;
				INFOPLIST_FILE = testDemo/Info.plist;
				LD_RUNPATH_SEARCH_PATHS = "$(inherited) @executable_path/Frameworks";
				PRODUCT_BUNDLE_IDENTIFIER = free.testDemo;
				PRODUCT_NAME = "$(TARGET_NAME)";
			};
			name = Debug;
		};
		BB953AC61D1939390075CA44 /* Release */ = {
			isa = XCBuildConfiguration;
			buildSettings = {
				ASSETCATALOG_COMPILER_APPICON_NAME = AppIcon;
				INFOPLIST_FILE = testDemo/Info.plist;
				LD_RUNPATH_SEARCH_PATHS = "$(inherited) @executable_path/Frameworks";
				PRODUCT_BUNDLE_IDENTIFIER = free.testDemo;
				PRODUCT_NAME = "$(TARGET_NAME)";
			};
			name = Release;
		};
		BB953AC81D1939390075CA44 /* Debug */ = {
			isa = XCBuildConfiguration;
			buildSettings = {
				BUNDLE_LOADER = "$(TEST_HOST)";
				INFOPLIST_FILE = testDemoTests/Info.plist;
				LD_RUNPATH_SEARCH_PATHS = "$(inherited) @executable_path/Frameworks @loader_path/Frameworks";
				PRODUCT_BUNDLE_IDENTIFIER = free.testDemoTests;
				PRODUCT_NAME = "$(TARGET_NAME)";
				TEST_HOST = "$(BUILT_PRODUCTS_DIR)/testDemo.app/testDemo";
			};
			name = Debug;
		};
		BB953AC91D1939390075CA44 /* Release */ = {
			isa = XCBuildConfiguration;
			buildSettings = {
				BUNDLE_LOADER = "$(TEST_HOST)";
				INFOPLIST_FILE = testDemoTests/Info.plist;
				LD_RUNPATH_SEARCH_PATHS = "$(inherited) @executable_path/Frameworks @loader_path/Frameworks";
				PRODUCT_BUNDLE_IDENTIFIER = free.testDemoTests;
				PRODUCT_NAME = "$(TARGET_NAME)";
				TEST_HOST = "$(BUILT_PRODUCTS_DIR)/testDemo.app/testDemo";
			};
			name = Release;
		};
/* End XCBuildConfiguration section */

/* Begin XCConfigurationList section */
		BB953A9D1D1939390075CA44 /* Build configuration list for PBXProject "testDemo" */ = {
			isa = XCConfigurationList;
			buildConfigurations = (
				BB953AC21D1939390075CA44 /* Debug */,
				BB953AC31D1939390075CA44 /* Release */,
			);
			defaultConfigurationIsVisible = 0;
			defaultConfigurationName = Release;
		};
		BB953AC41D1939390075CA44 /* Build configuration list for PBXNativeTarget "testDemo" */ = {
			isa = XCConfigurationList;
			buildConfigurations = (
				BB953AC51D1939390075CA44 /* Debug */,
				BB953AC61D1939390075CA44 /* Release */,
			);
			defaultConfigurationIsVisible = 0;
		};
		BB953AC71D1939390075CA44 /* Build configuration list for PBXNativeTarget "testDemoTests" */ = {
			isa = XCConfigurationList;
			buildConfigurations = (
				BB953AC81D1939390075CA44 /* Debug */,
				BB953AC91D1939390075CA44 /* Release */,
			);
			defaultConfigurationIsVisible = 0;
		};
/* End XCConfigurationList section */
	};
	rootObject = BB953A9A1D1939390075CA44 /* Project object */;
}
